
Microsoft Visual Studio Solution File, Format Version 12.00
# Visual Studio Version 17
VisualStudioVersion = 17.5.33516.290
MinimumVisualStudioVersion = 10.0.40219.1
Project("{2150E333-8FDC-42A3-9474-1A3956D46DE8}") = "src", "src", "{5879B049-61C6-4967-96AA-B19F17AE5219}"
EndProject
Project("{2150E333-8FDC-42A3-9474-1A3956D46DE8}") = "backend", "backend", "{D1A9A714-BED6-4871-9CDA-603B887F19C3}"
EndProject
Project("{2150E333-8FDC-42A3-9474-1A3956D46DE8}") = "core", "core", "{4D6CA72D-03A8-4A34-92CA-D58316D0D797}"
EndProject
Project("{2150E333-8FDC-42A3-9474-1A3956D46DE8}") = "infrastructure", "infrastructure", "{E431C1B8-D550-4805-9566-A33A8178BD05}"
EndProject
Project("{2150E333-8FDC-42A3-9474-1A3956D46DE8}") = "presentation", "presentation", "{1DC9121B-F218-42A1-A98D-9C6A6C36CA52}"
EndProject
Project("{FAE04EC0-301F-11D3-BF4B-00C04F79EFBC}") = "CE.Domain", "src\backend\core\CE.Domain\CE.Domain.csproj", "{E915200A-4CAC-4AD1-8AAD-14B1F375ACA4}"
EndProject
Project("{FAE04EC0-301F-11D3-BF4B-00C04F79EFBC}") = "CE.Application", "src\backend\core\CE.Application\CE.Application.csproj", "{F62B07C5-56EA-4BE9-9623-5575E039006D}"
EndProject
Project("{FAE04EC0-301F-11D3-BF4B-00C04F79EFBC}") = "CE.Persistence", "src\backend\infrastructure\CE.Persistence\CE.Persistence.csproj", "{EA2119F2-AF6C-4679-9C0C-E571318BE8F5}"
EndProject
Project("{FAE04EC0-301F-11D3-BF4B-00C04F79EFBC}") = "CE.WebAPI", "src\backend\presentation\CE.WebAPI\CE.WebAPI.csproj", "{FDF0F3BA-2CF9-4BE4-9768-F8077CED1E90}"
EndProject
Project("{FAE04EC0-301F-11D3-BF4B-00C04F79EFBC}") = "LoggerService", "src\backend\core\LoggerService\LoggerService.csproj", "{5BD16767-3A98-41F5-B724-6E62E9418ACC}"
EndProject
Global
	GlobalSection(SolutionConfigurationPlatforms) = preSolution
		Debug|Any CPU = Debug|Any CPU
		Release|Any CPU = Release|Any CPU
	EndGlobalSection
	GlobalSection(ProjectConfigurationPlatforms) = postSolution
		{E915200A-4CAC-4AD1-8AAD-14B1F375ACA4}.Debug|Any CPU.ActiveCfg = Debug|Any CPU
		{E915200A-4CAC-4AD1-8AAD-14B1F375ACA4}.Debug|Any CPU.Build.0 = Debug|Any CPU
		{E915200A-4CAC-4AD1-8AAD-14B1F375ACA4}.Release|Any CPU.ActiveCfg = Release|Any CPU
		{E915200A-4CAC-4AD1-8AAD-14B1F375ACA4}.Release|Any CPU.Build.0 = Release|Any CPU
		{F62B07C5-56EA-4BE9-9623-5575E039006D}.Debug|Any CPU.ActiveCfg = Debug|Any CPU
		{F62B07C5-56EA-4BE9-9623-5575E039006D}.Debug|Any CPU.Build.0 = Debug|Any CPU
		{F62B07C5-56EA-4BE9-9623-5575E039006D}.Release|Any CPU.ActiveCfg = Release|Any CPU
		{F62B07C5-56EA-4BE9-9623-5575E039006D}.Release|Any CPU.Build.0 = Release|Any CPU
		{EA2119F2-AF6C-4679-9C0C-E571318BE8F5}.Debug|Any CPU.ActiveCfg = Debug|Any CPU
		{EA2119F2-AF6C-4679-9C0C-E571318BE8F5}.Debug|Any CPU.Build.0 = Debug|Any CPU
		{EA2119F2-AF6C-4679-9C0C-E571318BE8F5}.Release|Any CPU.ActiveCfg = Release|Any CPU
		{EA2119F2-AF6C-4679-9C0C-E571318BE8F5}.Release|Any CPU.Build.0 = Release|Any CPU
		{FDF0F3BA-2CF9-4BE4-9768-F8077CED1E90}.Debug|Any CPU.ActiveCfg = Debug|Any CPU
		{FDF0F3BA-2CF9-4BE4-9768-F8077CED1E90}.Debug|Any CPU.Build.0 = Debug|Any CPU
		{FDF0F3BA-2CF9-4BE4-9768-F8077CED1E90}.Release|Any CPU.ActiveCfg = Release|Any CPU
		{FDF0F3BA-2CF9-4BE4-9768-F8077CED1E90}.Release|Any CPU.Build.0 = Release|Any CPU
		{5BD16767-3A98-41F5-B724-6E62E9418ACC}.Debug|Any CPU.ActiveCfg = Debug|Any CPU
		{5BD16767-3A98-41F5-B724-6E62E9418ACC}.Debug|Any CPU.Build.0 = Debug|Any CPU
		{5BD16767-3A98-41F5-B724-6E62E9418ACC}.Release|Any CPU.ActiveCfg = Release|Any CPU
		{5BD16767-3A98-41F5-B724-6E62E9418ACC}.Release|Any CPU.Build.0 = Release|Any CPU
	EndGlobalSection
	GlobalSection(SolutionProperties) = preSolution
		HideSolutionNode = FALSE
	EndGlobalSection
	GlobalSection(NestedProjects) = preSolution
		{D1A9A714-BED6-4871-9CDA-603B887F19C3} = {5879B049-61C6-4967-96AA-B19F17AE5219}
		{4D6CA72D-03A8-4A34-92CA-D58316D0D797} = {D1A9A714-BED6-4871-9CDA-603B887F19C3}
		{E431C1B8-D550-4805-9566-A33A8178BD05} = {D1A9A714-BED6-4871-9CDA-603B887F19C3}
		{1DC9121B-F218-42A1-A98D-9C6A6C36CA52} = {D1A9A714-BED6-4871-9CDA-603B887F19C3}
		{E915200A-4CAC-4AD1-8AAD-14B1F375ACA4} = {4D6CA72D-03A8-4A34-92CA-D58316D0D797}
		{F62B07C5-56EA-4BE9-9623-5575E039006D} = {4D6CA72D-03A8-4A34-92CA-D58316D0D797}
		{EA2119F2-AF6C-4679-9C0C-E571318BE8F5} = {E431C1B8-D550-4805-9566-A33A8178BD05}
		{FDF0F3BA-2CF9-4BE4-9768-F8077CED1E90} = {1DC9121B-F218-42A1-A98D-9C6A6C36CA52}
		{5BD16767-3A98-41F5-B724-6E62E9418ACC} = {4D6CA72D-03A8-4A34-92CA-D58316D0D797}
	EndGlobalSection
	GlobalSection(ExtensibilityGlobals) = postSolution
		SolutionGuid = {C908A73F-B974-4132-BAB5-C9B34C0CC9AD}
	EndGlobalSection
EndGlobal
